
Microsoft Visual Studio Solution File, Format Version 12.00
# Visual Studio Version 16
VisualStudioVersion = 16.0.29123.88
MinimumVisualStudioVersion = 10.0.40219.1
Project("{9A19103F-16F7-4668-BE54-9A1E7A4F7556}") = "QBSDK", "QBSDK.csproj", "{0CAD8658-83AA-42D5-9026-CAA81273752B}"
EndProject
Project("{FAE04EC0-301F-11D3-BF4B-00C04F79EFBC}") = "Testing", "..\Testing\Testing.csproj", "{9C9E9E3E-ADAC-4478-BD17-23AEC2FF684A}"
EndProject
Global
	GlobalSection(SolutionConfigurationPlatforms) = preSolution
		Debug|Any CPU = Debug|Any CPU
		Release|Any CPU = Release|Any CPU
	EndGlobalSection
	GlobalSection(ProjectConfigurationPlatforms) = postSolution
		{0CAD8658-83AA-42D5-9026-CAA81273752B}.Debug|Any CPU.ActiveCfg = Debug|Any CPU
		{0CAD8658-83AA-42D5-9026-CAA81273752B}.Debug|Any CPU.Build.0 = Debug|Any CPU
		{0CAD8658-83AA-42D5-9026-CAA81273752B}.Release|Any CPU.ActiveCfg = Release|Any CPU
		{0CAD8658-83AA-42D5-9026-CAA81273752B}.Release|Any CPU.Build.0 = Release|Any CPU
		{9C9E9E3E-ADAC-4478-BD17-23AEC2FF684A}.Debug|Any CPU.ActiveCfg = Debug|Any CPU
		{9C9E9E3E-ADAC-4478-BD17-23AEC2FF684A}.Debug|Any CPU.Build.0 = Debug|Any CPU
		{9C9E9E3E-ADAC-4478-BD17-23AEC2FF684A}.Release|Any CPU.ActiveCfg = Release|Any CPU
		{9C9E9E3E-ADAC-4478-BD17-23AEC2FF684A}.Release|Any CPU.Build.0 = Release|Any CPU
	EndGlobalSection
	GlobalSection(SolutionProperties) = preSolution
		HideSolutionNode = FALSE
	EndGlobalSection
	GlobalSection(ExtensibilityGlobals) = postSolution
		SolutionGuid = {0236AB1A-AFFD-4B73-A8A2-C6F3899202EC}
	EndGlobalSection
EndGlobal
